
Microsoft Visual Studio Solution File, Format Version 12.00
# Visual Studio Version 17
VisualStudioVersion = 17.1.32319.34
MinimumVisualStudioVersion = 10.0.40219.1
Project("{FAE04EC0-301F-11D3-BF4B-00C04F79EFBC}") = "Day01", "Day01\Day01.csproj", "{9AE7FBE2-5920-4A85-A41F-2C6F5A0EC1A0}"
EndProject
Global
	GlobalSection(SolutionConfigurationPlatforms) = preSolution
		Debug|Any CPU = Debug|Any CPU
		Release|Any CPU = Release|Any CPU
	EndGlobalSection
	GlobalSection(ProjectConfigurationPlatforms) = postSolution
		{9AE7FBE2-5920-4A85-A41F-2C6F5A0EC1A0}.Debug|Any CPU.ActiveCfg = Debug|Any CPU
		{9AE7FBE2-5920-4A85-A41F-2C6F5A0EC1A0}.Debug|Any CPU.Build.0 = Debug|Any CPU
		{9AE7FBE2-5920-4A85-A41F-2C6F5A0EC1A0}.Release|Any CPU.ActiveCfg = Release|Any CPU
		{9AE7FBE2-5920-4A85-A41F-2C6F5A0EC1A0}.Release|Any CPU.Build.0 = Release|Any CPU
	EndGlobalSection
	GlobalSection(SolutionProperties) = preSolution
		HideSolutionNode = FALSE
	EndGlobalSection
	GlobalSection(ExtensibilityGlobals) = postSolution
		SolutionGuid = {F8D7329C-700E-4274-A7E8-8A73038192D9}
	EndGlobalSection
EndGlobal
