
Microsoft Visual Studio Solution File, Format Version 12.00
# Visual Studio Version 17
VisualStudioVersion = 17.1.32328.378
MinimumVisualStudioVersion = 10.0.40219.1
Project("{FAE04EC0-301F-11D3-BF4B-00C04F79EFBC}") = "Day04", "Day04\Day04.csproj", "{A436DAE5-509E-4A99-A237-91C63FB231A4}"
EndProject
Global
	GlobalSection(SolutionConfigurationPlatforms) = preSolution
		Debug|Any CPU = Debug|Any CPU
		Release|Any CPU = Release|Any CPU
	EndGlobalSection
	GlobalSection(ProjectConfigurationPlatforms) = postSolution
		{A436DAE5-509E-4A99-A237-91C63FB231A4}.Debug|Any CPU.ActiveCfg = Debug|Any CPU
		{A436DAE5-509E-4A99-A237-91C63FB231A4}.Debug|Any CPU.Build.0 = Debug|Any CPU
		{A436DAE5-509E-4A99-A237-91C63FB231A4}.Release|Any CPU.ActiveCfg = Release|Any CPU
		{A436DAE5-509E-4A99-A237-91C63FB231A4}.Release|Any CPU.Build.0 = Release|Any CPU
	EndGlobalSection
	GlobalSection(SolutionProperties) = preSolution
		HideSolutionNode = FALSE
	EndGlobalSection
	GlobalSection(ExtensibilityGlobals) = postSolution
		SolutionGuid = {7653A781-33CF-484B-A265-801BA5A524F3}
	EndGlobalSection
EndGlobal
